
Microsoft Visual Studio Solution File, Format Version 12.00
# Visual Studio Version 16
VisualStudioVersion = 16.0.32228.343
MinimumVisualStudioVersion = 10.0.40219.1
Project("{F184B08F-C81C-45F6-A57F-5ABD9991F28F}") = "BurnSoft.Universal", "BurnSoft.Universal\BurnSoft.Universal.vbproj", "{FEA68F73-AED1-4AF3-A5C9-7541C70F886F}"
	ProjectSection(ProjectDependencies) = postProject
		{F8FFAD20-C797-4C0F-B72D-C0F2CB40599C} = {F8FFAD20-C797-4C0F-B72D-C0F2CB40599C}
		{02AED4C4-BEB0-4AAC-912E-5AE8204E9A5E} = {02AED4C4-BEB0-4AAC-912E-5AE8204E9A5E}
	EndProjectSection
EndProject
Project("{F184B08F-C81C-45F6-A57F-5ABD9991F28F}") = "UniversalTestSeed", "UniversalTestSeed\UniversalTestSeed.vbproj", "{EDB81642-06E6-45E8-896C-5C58C12298C9}"
EndProject
Project("{F184B08F-C81C-45F6-A57F-5ABD9991F28F}") = "UnitTest_BurnSoftUniversal", "UnitTest_BurnSoftUniversal\UnitTest_BurnSoftUniversal.vbproj", "{BF501C31-217D-495E-AA2A-D008044BC030}"
EndProject
Project("{2150E333-8FDC-42A3-9474-1A3956D46DE8}") = "OtherFrameworks", "OtherFrameworks", "{237F8CA1-01CB-48F4-93F6-8A1966B5F2F3}"
EndProject
Project("{F184B08F-C81C-45F6-A57F-5ABD9991F28F}") = "BurnSoft.Universal.net48", "BurnSoft.Universal.net48\BurnSoft.Universal.net48.vbproj", "{F8FFAD20-C797-4C0F-B72D-C0F2CB40599C}"
EndProject
Project("{778DAE3C-4631-46EA-AA77-85C1314464D9}") = "BurnSoft.Universal.n5", "BurnSoft.Universal.n5\BurnSoft.Universal.n5.vbproj", "{02AED4C4-BEB0-4AAC-912E-5AE8204E9A5E}"
EndProject
Global
	GlobalSection(SolutionConfigurationPlatforms) = preSolution
		Debug|Any CPU = Debug|Any CPU
		Debug|Mixed Platforms = Debug|Mixed Platforms
		Debug|x86 = Debug|x86
		Release|Any CPU = Release|Any CPU
		Release|Mixed Platforms = Release|Mixed Platforms
		Release|x86 = Release|x86
	EndGlobalSection
	GlobalSection(ProjectConfigurationPlatforms) = postSolution
		{FEA68F73-AED1-4AF3-A5C9-7541C70F886F}.Debug|Any CPU.ActiveCfg = Debug|Any CPU
		{FEA68F73-AED1-4AF3-A5C9-7541C70F886F}.Debug|Any CPU.Build.0 = Debug|Any CPU
		{FEA68F73-AED1-4AF3-A5C9-7541C70F886F}.Debug|Mixed Platforms.ActiveCfg = Debug|Any CPU
		{FEA68F73-AED1-4AF3-A5C9-7541C70F886F}.Debug|Mixed Platforms.Build.0 = Debug|Any CPU
		{FEA68F73-AED1-4AF3-A5C9-7541C70F886F}.Debug|x86.ActiveCfg = Debug|Any CPU
		{FEA68F73-AED1-4AF3-A5C9-7541C70F886F}.Release|Any CPU.ActiveCfg = Release|Any CPU
		{FEA68F73-AED1-4AF3-A5C9-7541C70F886F}.Release|Any CPU.Build.0 = Release|Any CPU
		{FEA68F73-AED1-4AF3-A5C9-7541C70F886F}.Release|Mixed Platforms.ActiveCfg = Release|Any CPU
		{FEA68F73-AED1-4AF3-A5C9-7541C70F886F}.Release|Mixed Platforms.Build.0 = Release|Any CPU
		{FEA68F73-AED1-4AF3-A5C9-7541C70F886F}.Release|x86.ActiveCfg = Release|Any CPU
		{EDB81642-06E6-45E8-896C-5C58C12298C9}.Debug|Any CPU.ActiveCfg = Debug|x86
		{EDB81642-06E6-45E8-896C-5C58C12298C9}.Debug|Mixed Platforms.ActiveCfg = Debug|x86
		{EDB81642-06E6-45E8-896C-5C58C12298C9}.Debug|Mixed Platforms.Build.0 = Debug|x86
		{EDB81642-06E6-45E8-896C-5C58C12298C9}.Debug|x86.ActiveCfg = Debug|x86
		{EDB81642-06E6-45E8-896C-5C58C12298C9}.Debug|x86.Build.0 = Debug|x86
		{EDB81642-06E6-45E8-896C-5C58C12298C9}.Release|Any CPU.ActiveCfg = Release|x86
		{EDB81642-06E6-45E8-896C-5C58C12298C9}.Release|Mixed Platforms.ActiveCfg = Release|x86
		{EDB81642-06E6-45E8-896C-5C58C12298C9}.Release|Mixed Platforms.Build.0 = Release|x86
		{EDB81642-06E6-45E8-896C-5C58C12298C9}.Release|x86.ActiveCfg = Release|x86
		{EDB81642-06E6-45E8-896C-5C58C12298C9}.Release|x86.Build.0 = Release|x86
		{BF501C31-217D-495E-AA2A-D008044BC030}.Debug|Any CPU.ActiveCfg = Debug|Any CPU
		{BF501C31-217D-495E-AA2A-D008044BC030}.Debug|Any CPU.Build.0 = Debug|Any CPU
		{BF501C31-217D-495E-AA2A-D008044BC030}.Debug|Mixed Platforms.ActiveCfg = Debug|Any CPU
		{BF501C31-217D-495E-AA2A-D008044BC030}.Debug|Mixed Platforms.Build.0 = Debug|Any CPU
		{BF501C31-217D-495E-AA2A-D008044BC030}.Debug|x86.ActiveCfg = Debug|Any CPU
		{BF501C31-217D-495E-AA2A-D008044BC030}.Debug|x86.Build.0 = Debug|Any CPU
		{BF501C31-217D-495E-AA2A-D008044BC030}.Release|Any CPU.ActiveCfg = Release|Any CPU
		{BF501C31-217D-495E-AA2A-D008044BC030}.Release|Any CPU.Build.0 = Release|Any CPU
		{BF501C31-217D-495E-AA2A-D008044BC030}.Release|Mixed Platforms.ActiveCfg = Release|Any CPU
		{BF501C31-217D-495E-AA2A-D008044BC030}.Release|Mixed Platforms.Build.0 = Release|Any CPU
		{BF501C31-217D-495E-AA2A-D008044BC030}.Release|x86.ActiveCfg = Release|Any CPU
		{BF501C31-217D-495E-AA2A-D008044BC030}.Release|x86.Build.0 = Release|Any CPU
		{F8FFAD20-C797-4C0F-B72D-C0F2CB40599C}.Debug|Any CPU.ActiveCfg = Debug|Any CPU
		{F8FFAD20-C797-4C0F-B72D-C0F2CB40599C}.Debug|Any CPU.Build.0 = Debug|Any CPU
		{F8FFAD20-C797-4C0F-B72D-C0F2CB40599C}.Debug|Mixed Platforms.ActiveCfg = Debug|Any CPU
		{F8FFAD20-C797-4C0F-B72D-C0F2CB40599C}.Debug|Mixed Platforms.Build.0 = Debug|Any CPU
		{F8FFAD20-C797-4C0F-B72D-C0F2CB40599C}.Debug|x86.ActiveCfg = Debug|Any CPU
		{F8FFAD20-C797-4C0F-B72D-C0F2CB40599C}.Debug|x86.Build.0 = Debug|Any CPU
		{F8FFAD20-C797-4C0F-B72D-C0F2CB40599C}.Release|Any CPU.ActiveCfg = Release|Any CPU
		{F8FFAD20-C797-4C0F-B72D-C0F2CB40599C}.Release|Any CPU.Build.0 = Release|Any CPU
		{F8FFAD20-C797-4C0F-B72D-C0F2CB40599C}.Release|Mixed Platforms.ActiveCfg = Release|Any CPU
		{F8FFAD20-C797-4C0F-B72D-C0F2CB40599C}.Release|Mixed Platforms.Build.0 = Release|Any CPU
		{F8FFAD20-C797-4C0F-B72D-C0F2CB40599C}.Release|x86.ActiveCfg = Release|Any CPU
		{F8FFAD20-C797-4C0F-B72D-C0F2CB40599C}.Release|x86.Build.0 = Release|Any CPU
		{02AED4C4-BEB0-4AAC-912E-5AE8204E9A5E}.Debug|Any CPU.ActiveCfg = Debug|Any CPU
		{02AED4C4-BEB0-4AAC-912E-5AE8204E9A5E}.Debug|Any CPU.Build.0 = Debug|Any CPU
		{02AED4C4-BEB0-4AAC-912E-5AE8204E9A5E}.Debug|Mixed Platforms.ActiveCfg = Debug|Any CPU
		{02AED4C4-BEB0-4AAC-912E-5AE8204E9A5E}.Debug|Mixed Platforms.Build.0 = Debug|Any CPU
		{02AED4C4-BEB0-4AAC-912E-5AE8204E9A5E}.Debug|x86.ActiveCfg = Debug|Any CPU
		{02AED4C4-BEB0-4AAC-912E-5AE8204E9A5E}.Debug|x86.Build.0 = Debug|Any CPU
		{02AED4C4-BEB0-4AAC-912E-5AE8204E9A5E}.Release|Any CPU.ActiveCfg = Release|Any CPU
		{02AED4C4-BEB0-4AAC-912E-5AE8204E9A5E}.Release|Any CPU.Build.0 = Release|Any CPU
		{02AED4C4-BEB0-4AAC-912E-5AE8204E9A5E}.Release|Mixed Platforms.ActiveCfg = Release|Any CPU
		{02AED4C4-BEB0-4AAC-912E-5AE8204E9A5E}.Release|Mixed Platforms.Build.0 = Release|Any CPU
		{02AED4C4-BEB0-4AAC-912E-5AE8204E9A5E}.Release|x86.ActiveCfg = Release|Any CPU
		{02AED4C4-BEB0-4AAC-912E-5AE8204E9A5E}.Release|x86.Build.0 = Release|Any CPU
	EndGlobalSection
	GlobalSection(SolutionProperties) = preSolution
		HideSolutionNode = FALSE
	EndGlobalSection
	GlobalSection(NestedProjects) = preSolution
		{F8FFAD20-C797-4C0F-B72D-C0F2CB40599C} = {237F8CA1-01CB-48F4-93F6-8A1966B5F2F3}
		{02AED4C4-BEB0-4AAC-912E-5AE8204E9A5E} = {237F8CA1-01CB-48F4-93F6-8A1966B5F2F3}
	EndGlobalSection
	GlobalSection(ExtensibilityGlobals) = postSolution
		SolutionGuid = {9110F4C0-30A3-421D-9836-9E21337E9D35}
	EndGlobalSection
EndGlobal
